<?xml version="1.0" encoding="utf-8"?>
<Project ToolsVersion="18.0" xmlns="http://schemas.microsoft.com/developer/msbuild/2003">
  <ItemGroup>
    <ClCompile Include="C:\Users\Mark\OneDrive\Desktop\ReLimiter v3\deps\reshade\deps\minhook\src\buffer.c">
      <Filter>Source Files</Filter>
    </ClCompile>
    <ClCompile Include="C:\Users\Mark\OneDrive\Desktop\ReLimiter v3\deps\reshade\deps\minhook\src\hook.c">
      <Filter>Source Files</Filter>
    </ClCompile>
    <ClCompile Include="C:\Users\Mark\OneDrive\Desktop\ReLimiter v3\deps\reshade\deps\minhook\src\trampoline.c">
      <Filter>Source Files</Filter>
    </ClCompile>
    <ClCompile Include="C:\Users\Mark\OneDrive\Desktop\ReLimiter v3\deps\reshade\deps\minhook\src\hde\hde32.c">
      <Filter>Source Files</Filter>
    </ClCompile>
    <ClCompile Include="C:\Users\Mark\OneDrive\Desktop\ReLimiter v3\deps\reshade\deps\minhook\src\hde\hde64.c">
      <Filter>Source Files</Filter>
    </ClCompile>
  </ItemGroup>
  <ItemGroup>
    <CustomBuild Include="C:\Users\Mark\OneDrive\Desktop\ReLimiter v3\CMakeLists.txt" />
  </ItemGroup>
  <ItemGroup>
    <Filter Include="Source Files">
      <UniqueIdentifier>{0BF51D60-1F12-3FB1-A090-1C0C26EF2B9A}</UniqueIdentifier>
    </Filter>
  </ItemGroup>
</Project>
