<?xml version="1.0" encoding="UTF-8"?>
<Solution>
	<Configurations>
		<BuildType Name="Debug"/>
		<BuildType Name="Release"/>
		<BuildType Name="MinSizeRel"/>
		<BuildType Name="RelWithDebInfo"/>
		<Platform Name="Win32"/>
	</Configurations>
	<Project Path="ALL_BUILD.vcxproj" Type="8bc9ceb8-8b4a-11d0-8d11-00a0c91bc942" Id="5af0466d-c9de-3e7c-9c0b-2c545d76be20" DefaultStartup="true">
		<BuildDependency Project="ZERO_CHECK.vcxproj"/>
		<BuildDependency Project="minhook_static.vcxproj"/>
		<BuildDependency Project="relimiter.vcxproj"/>
		<BuildDependency Project="tests/test_dmfg_detection.vcxproj"/>
		<BuildDependency Project="tests/test_dmfg_output_cap.vcxproj"/>
		<BuildDependency Project="tests/test_scheduler_passthrough.vcxproj"/>
		<Build Solution="Debug|*" Project="false"/>
		<Build Solution="Release|*" Project="false"/>
		<Build Solution="MinSizeRel|*" Project="false"/>
		<Build Solution="RelWithDebInfo|*" Project="false"/>
	</Project>
	<Project Path="ZERO_CHECK.vcxproj" Type="8bc9ceb8-8b4a-11d0-8d11-00a0c91bc942" Id="06544847-ff7b-3821-9f4e-99f1f9716405"/>
	<Project Path="minhook_static.vcxproj" Type="8bc9ceb8-8b4a-11d0-8d11-00a0c91bc942" Id="cfe7aef4-9dc4-36cf-928a-729d8c92b21c">
		<BuildDependency Project="ZERO_CHECK.vcxproj"/>
	</Project>
	<Project Path="relimiter.vcxproj" Type="8bc9ceb8-8b4a-11d0-8d11-00a0c91bc942" Id="fc41fe94-0c4a-379c-858e-8f901de79f9e">
		<BuildDependency Project="ZERO_CHECK.vcxproj"/>
		<BuildDependency Project="minhook_static.vcxproj"/>
	</Project>
	<Project Path="tests/test_dmfg_detection.vcxproj" Type="8bc9ceb8-8b4a-11d0-8d11-00a0c91bc942" Id="a0a2e874-8805-3451-93b7-a66a6093c2b3">
		<BuildDependency Project="ZERO_CHECK.vcxproj"/>
	</Project>
	<Project Path="tests/test_dmfg_output_cap.vcxproj" Type="8bc9ceb8-8b4a-11d0-8d11-00a0c91bc942" Id="b6e08dd5-49f6-3428-92d5-c6eaf27e88fb">
		<BuildDependency Project="ZERO_CHECK.vcxproj"/>
	</Project>
	<Project Path="tests/test_scheduler_passthrough.vcxproj" Type="8bc9ceb8-8b4a-11d0-8d11-00a0c91bc942" Id="8ee7b248-7142-3c1f-b1da-a9b531c15d92">
		<BuildDependency Project="ZERO_CHECK.vcxproj"/>
	</Project>
</Solution>
