<?xml version="1.0" encoding="utf-8"?>
<Project ToolsVersion="18.0" xmlns="http://schemas.microsoft.com/developer/msbuild/2003">
  <ItemGroup>
    <ClCompile Include="C:\Users\Mark\OneDrive\Desktop\ReLimiter v3\src\dllmain.cpp">
      <Filter>Source Files</Filter>
    </ClCompile>
    <ClCompile Include="C:\Users\Mark\OneDrive\Desktop\ReLimiter v3\src\config.cpp">
      <Filter>Source Files</Filter>
    </ClCompile>
    <ClCompile Include="C:\Users\Mark\OneDrive\Desktop\ReLimiter v3\src\correlator.cpp">
      <Filter>Source Files</Filter>
    </ClCompile>
    <ClCompile Include="C:\Users\Mark\OneDrive\Desktop\ReLimiter v3\src\display_poll_thread.cpp">
      <Filter>Source Files</Filter>
    </ClCompile>
    <ClCompile Include="C:\Users\Mark\OneDrive\Desktop\ReLimiter v3\src\display_resolver.cpp">
      <Filter>Source Files</Filter>
    </ClCompile>
    <ClCompile Include="C:\Users\Mark\OneDrive\Desktop\ReLimiter v3\src\display_state.cpp">
      <Filter>Source Files</Filter>
    </ClCompile>
    <ClCompile Include="C:\Users\Mark\OneDrive\Desktop\ReLimiter v3\src\enforcement_dispatcher.cpp">
      <Filter>Source Files</Filter>
    </ClCompile>
    <ClCompile Include="C:\Users\Mark\OneDrive\Desktop\ReLimiter v3\src\flip_metering.cpp">
      <Filter>Source Files</Filter>
    </ClCompile>
    <ClCompile Include="C:\Users\Mark\OneDrive\Desktop\ReLimiter v3\src\flip_model.cpp">
      <Filter>Source Files</Filter>
    </ClCompile>
    <ClCompile Include="C:\Users\Mark\OneDrive\Desktop\ReLimiter v3\src\flush.cpp">
      <Filter>Source Files</Filter>
    </ClCompile>
    <ClCompile Include="C:\Users\Mark\OneDrive\Desktop\ReLimiter v3\src\frame_latency_controller.cpp">
      <Filter>Source Files</Filter>
    </ClCompile>
    <ClCompile Include="C:\Users\Mark\OneDrive\Desktop\ReLimiter v3\src\health.cpp">
      <Filter>Source Files</Filter>
    </ClCompile>
    <ClCompile Include="C:\Users\Mark\OneDrive\Desktop\ReLimiter v3\src\hooks.cpp">
      <Filter>Source Files</Filter>
    </ClCompile>
    <ClCompile Include="C:\Users\Mark\OneDrive\Desktop\ReLimiter v3\src\hw_monitor.cpp">
      <Filter>Source Files</Filter>
    </ClCompile>
    <ClCompile Include="C:\Users\Mark\OneDrive\Desktop\ReLimiter v3\src\hw_spin.cpp">
      <Filter>Source Files</Filter>
    </ClCompile>
    <ClCompile Include="C:\Users\Mark\OneDrive\Desktop\ReLimiter v3\src\loadlib_hooks.cpp">
      <Filter>Source Files</Filter>
    </ClCompile>
    <ClCompile Include="C:\Users\Mark\OneDrive\Desktop\ReLimiter v3\src\marker_log.cpp">
      <Filter>Source Files</Filter>
    </ClCompile>
    <ClCompile Include="C:\Users\Mark\OneDrive\Desktop\ReLimiter v3\src\osd.cpp">
      <Filter>Source Files</Filter>
    </ClCompile>
    <ClCompile Include="C:\Users\Mark\OneDrive\Desktop\ReLimiter v3\src\predictor.cpp">
      <Filter>Source Files</Filter>
    </ClCompile>
    <ClCompile Include="C:\Users\Mark\OneDrive\Desktop\ReLimiter v3\src\regime_detector.cpp">
      <Filter>Source Files</Filter>
    </ClCompile>
    <ClCompile Include="C:\Users\Mark\OneDrive\Desktop\ReLimiter v3\src\scheduler.cpp">
      <Filter>Source Files</Filter>
    </ClCompile>
    <ClCompile Include="C:\Users\Mark\OneDrive\Desktop\ReLimiter v3\src\sleep.cpp">
      <Filter>Source Files</Filter>
    </ClCompile>
    <ClCompile Include="C:\Users\Mark\OneDrive\Desktop\ReLimiter v3\src\sleep_mode.cpp">
      <Filter>Source Files</Filter>
    </ClCompile>
    <ClCompile Include="C:\Users\Mark\OneDrive\Desktop\ReLimiter v3\src\stress_detector.cpp">
      <Filter>Source Files</Filter>
    </ClCompile>
    <ClCompile Include="C:\Users\Mark\OneDrive\Desktop\ReLimiter v3\src\swapchain_manager.cpp">
      <Filter>Source Files</Filter>
    </ClCompile>
    <ClCompile Include="C:\Users\Mark\OneDrive\Desktop\ReLimiter v3\src\system_hardening.cpp">
      <Filter>Source Files</Filter>
    </ClCompile>
    <ClCompile Include="C:\Users\Mark\OneDrive\Desktop\ReLimiter v3\src\tier.cpp">
      <Filter>Source Files</Filter>
    </ClCompile>
    <ClCompile Include="C:\Users\Mark\OneDrive\Desktop\ReLimiter v3\src\timer_hooks.cpp">
      <Filter>Source Files</Filter>
    </ClCompile>
    <ClCompile Include="C:\Users\Mark\OneDrive\Desktop\ReLimiter v3\src\tsc_cal.cpp">
      <Filter>Source Files</Filter>
    </ClCompile>
    <ClCompile Include="C:\Users\Mark\OneDrive\Desktop\ReLimiter v3\src\vblank_thread.cpp">
      <Filter>Source Files</Filter>
    </ClCompile>
    <ClCompile Include="C:\Users\Mark\OneDrive\Desktop\ReLimiter v3\src\wake_guard.cpp">
      <Filter>Source Files</Filter>
    </ClCompile>
    <ClCompile Include="C:\Users\Mark\OneDrive\Desktop\ReLimiter v3\src\logger.cpp">
      <Filter>Source Files</Filter>
    </ClCompile>
    <ClCompile Include="C:\Users\Mark\OneDrive\Desktop\ReLimiter v3\src\csv_writer.cpp">
      <Filter>Source Files</Filter>
    </ClCompile>
    <ClCompile Include="C:\Users\Mark\OneDrive\Desktop\ReLimiter v3\src\pqi.cpp">
      <Filter>Source Files</Filter>
    </ClCompile>
    <ClCompile Include="C:\Users\Mark\OneDrive\Desktop\ReLimiter v3\src\baseline.cpp">
      <Filter>Source Files</Filter>
    </ClCompile>
    <ClCompile Include="C:\Users\Mark\OneDrive\Desktop\ReLimiter v3\src\vk_enforce.cpp">
      <Filter>Source Files</Filter>
    </ClCompile>
    <ClCompile Include="C:\Users\Mark\OneDrive\Desktop\ReLimiter v3\src\presentation_gate.cpp">
      <Filter>Source Files</Filter>
    </ClCompile>
    <ClCompile Include="C:\Users\Mark\OneDrive\Desktop\ReLimiter v3\src\vsync_control.cpp">
      <Filter>Source Files</Filter>
    </ClCompile>
  </ItemGroup>
  <ItemGroup>
    <CustomBuild Include="C:\Users\Mark\OneDrive\Desktop\ReLimiter v3\CMakeLists.txt" />
  </ItemGroup>
  <ItemGroup>
    <ResourceCompile Include="C:\Users\Mark\OneDrive\Desktop\ReLimiter v3\src\version.rc">
      <Filter>Source Files</Filter>
    </ResourceCompile>
  </ItemGroup>
  <ItemGroup>
    <Filter Include="Source Files">
      <UniqueIdentifier>{0BF51D60-1F12-3FB1-A090-1C0C26EF2B9A}</UniqueIdentifier>
    </Filter>
  </ItemGroup>
</Project>
